// !$*UTF8*$!
{
	archiveVersion = 1;
	classes = {
	};
	objectVersion = 46;
	objects = {

/* Begin PBXBuildFile section */
		107960731C612531003DB6CC /* Main.storyboard in Resources */ = {isa = PBXBuildFile; fileRef = 107960711C612531003DB6CC /* Main.storyboard */; };
		10AF4CDB1DD23A7E0096D192 /* logo1024.png in Resources */ = {isa = PBXBuildFile; fileRef = 10AF4CD71DD23A7E0096D192 /* logo1024.png */; };
		10AF4CDC1DD23A7E0096D192 /* Bladefile in Resources */ = {isa = PBXBuildFile; fileRef = 10AF4CD81DD23A7E0096D192 /* Bladefile */; };
		10AF4CDD1DD23A7E0096D192 /* Images.xcassets in Resources */ = {isa = PBXBuildFile; fileRef = 10AF4CD91DD23A7E0096D192 /* Images.xcassets */; };
		10AF4CDE1DD23A7E0096D192 /* LaunchScreen.xib in Resources */ = {isa = PBXBuildFile; fileRef = 10AF4CDA1DD23A7E0096D192 /* LaunchScreen.xib */; };
		2C595F061B34B73A00355AE7 /* Constants.swift in Sources */ = {isa = PBXBuildFile; fileRef = 2C595F041B34B73A00355AE7 /* Constants.swift */; };
		2C8E6C2B1B16875B0073CE3D /* SignInViewController.swift in Sources */ = {isa = PBXBuildFile; fileRef = 2C8E6C2A1B16875B0073CE3D /* SignInViewController.swift */; };
		2CA807BC1B21702E009AD7F2 /* MeasurementHelper.swift in Sources */ = {isa = PBXBuildFile; fileRef = 2CA807BB1B21702E009AD7F2 /* MeasurementHelper.swift */; };
		3624E5FBA1FCE310028CD187 /* Pods_FriendlyChatSwift.framework in Frameworks */ = {isa = PBXBuildFile; fileRef = 2731AC3F4EECC799E086A524 /* Pods_FriendlyChatSwift.framework */; };
		36BF84DF29B94BCC001E0410 /* GoogleService-Info.plist in Resources */ = {isa = PBXBuildFile; fileRef = 36BF84DE29B94BCC001E0410 /* GoogleService-Info.plist */; };
		36BF84E329B96815001E0410 /* SignInView.swift in Sources */ = {isa = PBXBuildFile; fileRef = 36BF84E229B96815001E0410 /* SignInView.swift */; };
		36BF84E529B969F3001E0410 /* SignInViewModel.swift in Sources */ = {isa = PBXBuildFile; fileRef = 36BF84E429B969F3001E0410 /* SignInViewModel.swift */; };
		36BF84E829B9712D001E0410 /* LoginNavigatorProtocol.swift in Sources */ = {isa = PBXBuildFile; fileRef = 36BF84E729B9712D001E0410 /* LoginNavigatorProtocol.swift */; };
		36BF84EA29B97141001E0410 /* DefaultLoginNavigator.swift in Sources */ = {isa = PBXBuildFile; fileRef = 36BF84E929B97141001E0410 /* DefaultLoginNavigator.swift */; };
		36BF84ED29B975B0001E0410 /* ViewModelType.swift in Sources */ = {isa = PBXBuildFile; fileRef = 36BF84EC29B975B0001E0410 /* ViewModelType.swift */; };
		36BF84EF29B975D4001E0410 /* RxSwift+ext.swift in Sources */ = {isa = PBXBuildFile; fileRef = 36BF84EE29B975D4001E0410 /* RxSwift+ext.swift */; };
		36BF84F129B976A7001E0410 /* LoginViewModelType.swift in Sources */ = {isa = PBXBuildFile; fileRef = 36BF84F029B976A7001E0410 /* LoginViewModelType.swift */; };
		36BF84F429B977A9001E0410 /* ChatSelectionViewController.swift in Sources */ = {isa = PBXBuildFile; fileRef = 36BF84F329B977A9001E0410 /* ChatSelectionViewController.swift */; };
		36BF84F629B977BD001E0410 /* ChatSelectionView.swift in Sources */ = {isa = PBXBuildFile; fileRef = 36BF84F529B977BD001E0410 /* ChatSelectionView.swift */; };
		36BF84F829B977CB001E0410 /* ChatSelectionViewModel.swift in Sources */ = {isa = PBXBuildFile; fileRef = 36BF84F729B977CB001E0410 /* ChatSelectionViewModel.swift */; };
		36BF84FA29B977D9001E0410 /* ChatSelectionViewModelType.swift in Sources */ = {isa = PBXBuildFile; fileRef = 36BF84F929B977D9001E0410 /* ChatSelectionViewModelType.swift */; };
		36BF84FD29B97D79001E0410 /* ChatSelectionViewCell.swift in Sources */ = {isa = PBXBuildFile; fileRef = 36BF84FC29B97D79001E0410 /* ChatSelectionViewCell.swift */; };
		36BF850029BA2EC9001E0410 /* ChatRoomsRepository.swift in Sources */ = {isa = PBXBuildFile; fileRef = 36BF84FF29BA2EC9001E0410 /* ChatRoomsRepository.swift */; };
		36BF850329BA32EF001E0410 /* ChatMessagesViewController.swift in Sources */ = {isa = PBXBuildFile; fileRef = 36BF850229BA32EF001E0410 /* ChatMessagesViewController.swift */; };
		36BF850529BA330A001E0410 /* ChatMessagesView.swift in Sources */ = {isa = PBXBuildFile; fileRef = 36BF850429BA330A001E0410 /* ChatMessagesView.swift */; };
		36BF850729BA331B001E0410 /* ChatMessagesViewModel.swift in Sources */ = {isa = PBXBuildFile; fileRef = 36BF850629BA331B001E0410 /* ChatMessagesViewModel.swift */; };
		36BF850929BA332A001E0410 /* ChatMessagesViewModelType.swift in Sources */ = {isa = PBXBuildFile; fileRef = 36BF850829BA332A001E0410 /* ChatMessagesViewModelType.swift */; };
		36BF850C29BA3351001E0410 /* ChatMessagesViewCell.swift in Sources */ = {isa = PBXBuildFile; fileRef = 36BF850B29BA3351001E0410 /* ChatMessagesViewCell.swift */; };
		36BF850F29BA3475001E0410 /* ChatNavigatorProtocol.swift in Sources */ = {isa = PBXBuildFile; fileRef = 36BF850E29BA3475001E0410 /* ChatNavigatorProtocol.swift */; };
		36BF851229BA349B001E0410 /* ChatNavigatorDefault.swift in Sources */ = {isa = PBXBuildFile; fileRef = 36BF851129BA349B001E0410 /* ChatNavigatorDefault.swift */; };
		36BF851429BA388D001E0410 /* ChatMessagesRepository.swift in Sources */ = {isa = PBXBuildFile; fileRef = 36BF851329BA388D001E0410 /* ChatMessagesRepository.swift */; };
		36BF851629BA6F96001E0410 /* UsersRepository.swift in Sources */ = {isa = PBXBuildFile; fileRef = 36BF851529BA6F96001E0410 /* UsersRepository.swift */; };
		36BF851829BAB887001E0410 /* Date.swift in Sources */ = {isa = PBXBuildFile; fileRef = 36BF851729BAB887001E0410 /* Date.swift */; };
		36BF851B29BAC33D001E0410 /* ChatMessage.swift in Sources */ = {isa = PBXBuildFile; fileRef = 36BF851A29BAC33D001E0410 /* ChatMessage.swift */; };
		5F5A537E1ADE67D500F81DF0 /* AppDelegate.swift in Sources */ = {isa = PBXBuildFile; fileRef = 5F5A537D1ADE67D500F81DF0 /* AppDelegate.swift */; };
		5F5A53801ADE67D500F81DF0 /* FCViewController.swift in Sources */ = {isa = PBXBuildFile; fileRef = 5F5A537F1ADE67D500F81DF0 /* FCViewController.swift */; };
/* End PBXBuildFile section */

/* Begin PBXFileReference section */
		1037935F1BF4256400C88958 /* module.modulemap */ = {isa = PBXFileReference; lastKnownFileType = "sourcecode.module-map"; name = module.modulemap; path = Pods/Firebase/Headers/module.modulemap; sourceTree = "<group>"; };
		107960721C612531003DB6CC /* Base */ = {isa = PBXFileReference; lastKnownFileType = file.storyboard; name = Base; path = Base.lproj/Main.storyboard; sourceTree = "<group>"; };
		107960741C61253B003DB6CC /* Info.plist */ = {isa = PBXFileReference; fileEncoding = 4; lastKnownFileType = text.plist.xml; path = Info.plist; sourceTree = "<group>"; };
		10AF4CD71DD23A7E0096D192 /* logo1024.png */ = {isa = PBXFileReference; lastKnownFileType = image.png; path = logo1024.png; sourceTree = "<group>"; };
		10AF4CD81DD23A7E0096D192 /* Bladefile */ = {isa = PBXFileReference; fileEncoding = 4; lastKnownFileType = text; path = Bladefile; sourceTree = "<group>"; };
		10AF4CD91DD23A7E0096D192 /* Images.xcassets */ = {isa = PBXFileReference; lastKnownFileType = folder.assetcatalog; path = Images.xcassets; sourceTree = "<group>"; };
		10AF4CDA1DD23A7E0096D192 /* LaunchScreen.xib */ = {isa = PBXFileReference; fileEncoding = 4; lastKnownFileType = file.xib; path = LaunchScreen.xib; sourceTree = "<group>"; };
		2731AC3F4EECC799E086A524 /* Pods_FriendlyChatSwift.framework */ = {isa = PBXFileReference; explicitFileType = wrapper.framework; includeInIndex = 0; path = Pods_FriendlyChatSwift.framework; sourceTree = BUILT_PRODUCTS_DIR; };
		2C595F041B34B73A00355AE7 /* Constants.swift */ = {isa = PBXFileReference; fileEncoding = 4; lastKnownFileType = sourcecode.swift; path = Constants.swift; sourceTree = "<group>"; };
		2C8E6C2A1B16875B0073CE3D /* SignInViewController.swift */ = {isa = PBXFileReference; fileEncoding = 4; lastKnownFileType = sourcecode.swift; path = SignInViewController.swift; sourceTree = "<group>"; };
		2CA807BB1B21702E009AD7F2 /* MeasurementHelper.swift */ = {isa = PBXFileReference; fileEncoding = 4; lastKnownFileType = sourcecode.swift; path = MeasurementHelper.swift; sourceTree = "<group>"; };
		36BF84DE29B94BCC001E0410 /* GoogleService-Info.plist */ = {isa = PBXFileReference; fileEncoding = 4; lastKnownFileType = text.plist.xml; path = "GoogleService-Info.plist"; sourceTree = "<group>"; };
		36BF84E229B96815001E0410 /* SignInView.swift */ = {isa = PBXFileReference; lastKnownFileType = sourcecode.swift; path = SignInView.swift; sourceTree = "<group>"; };
		36BF84E429B969F3001E0410 /* SignInViewModel.swift */ = {isa = PBXFileReference; lastKnownFileType = sourcecode.swift; path = SignInViewModel.swift; sourceTree = "<group>"; };
		36BF84E729B9712D001E0410 /* LoginNavigatorProtocol.swift */ = {isa = PBXFileReference; lastKnownFileType = sourcecode.swift; path = LoginNavigatorProtocol.swift; sourceTree = "<group>"; };
		36BF84E929B97141001E0410 /* DefaultLoginNavigator.swift */ = {isa = PBXFileReference; fileEncoding = 4; lastKnownFileType = sourcecode.swift; path = DefaultLoginNavigator.swift; sourceTree = "<group>"; };
		36BF84EC29B975B0001E0410 /* ViewModelType.swift */ = {isa = PBXFileReference; lastKnownFileType = sourcecode.swift; path = ViewModelType.swift; sourceTree = "<group>"; };
		36BF84EE29B975D4001E0410 /* RxSwift+ext.swift */ = {isa = PBXFileReference; lastKnownFileType = sourcecode.swift; path = "RxSwift+ext.swift"; sourceTree = "<group>"; };
		36BF84F029B976A7001E0410 /* LoginViewModelType.swift */ = {isa = PBXFileReference; lastKnownFileType = sourcecode.swift; path = LoginViewModelType.swift; sourceTree = "<group>"; };
		36BF84F329B977A9001E0410 /* ChatSelectionViewController.swift */ = {isa = PBXFileReference; fileEncoding = 4; lastKnownFileType = sourcecode.swift; path = ChatSelectionViewController.swift; sourceTree = "<group>"; };
		36BF84F529B977BD001E0410 /* ChatSelectionView.swift */ = {isa = PBXFileReference; fileEncoding = 4; lastKnownFileType = sourcecode.swift; path = ChatSelectionView.swift; sourceTree = "<group>"; };
		36BF84F729B977CB001E0410 /* ChatSelectionViewModel.swift */ = {isa = PBXFileReference; fileEncoding = 4; lastKnownFileType = sourcecode.swift; path = ChatSelectionViewModel.swift; sourceTree = "<group>"; };
		36BF84F929B977D9001E0410 /* ChatSelectionViewModelType.swift */ = {isa = PBXFileReference; fileEncoding = 4; lastKnownFileType = sourcecode.swift; path = ChatSelectionViewModelType.swift; sourceTree = "<group>"; };
		36BF84FC29B97D79001E0410 /* ChatSelectionViewCell.swift */ = {isa = PBXFileReference; lastKnownFileType = sourcecode.swift; path = ChatSelectionViewCell.swift; sourceTree = "<group>"; };
		36BF84FF29BA2EC9001E0410 /* ChatRoomsRepository.swift */ = {isa = PBXFileReference; lastKnownFileType = sourcecode.swift; path = ChatRoomsRepository.swift; sourceTree = "<group>"; };
		36BF850229BA32EF001E0410 /* ChatMessagesViewController.swift */ = {isa = PBXFileReference; fileEncoding = 4; lastKnownFileType = sourcecode.swift; name = ChatMessagesViewController.swift; path = FriendlyChatSwift/ChatMessagesScreen/ChatMessagesViewController.swift; sourceTree = SOURCE_ROOT; };
		36BF850429BA330A001E0410 /* ChatMessagesView.swift */ = {isa = PBXFileReference; fileEncoding = 4; lastKnownFileType = sourcecode.swift; path = ChatMessagesView.swift; sourceTree = "<group>"; };
		36BF850629BA331B001E0410 /* ChatMessagesViewModel.swift */ = {isa = PBXFileReference; fileEncoding = 4; lastKnownFileType = sourcecode.swift; path = ChatMessagesViewModel.swift; sourceTree = "<group>"; };
		36BF850829BA332A001E0410 /* ChatMessagesViewModelType.swift */ = {isa = PBXFileReference; fileEncoding = 4; lastKnownFileType = sourcecode.swift; path = ChatMessagesViewModelType.swift; sourceTree = "<group>"; };
		36BF850B29BA3351001E0410 /* ChatMessagesViewCell.swift */ = {isa = PBXFileReference; fileEncoding = 4; lastKnownFileType = sourcecode.swift; path = ChatMessagesViewCell.swift; sourceTree = "<group>"; };
		36BF850E29BA3475001E0410 /* ChatNavigatorProtocol.swift */ = {isa = PBXFileReference; fileEncoding = 4; lastKnownFileType = sourcecode.swift; path = ChatNavigatorProtocol.swift; sourceTree = "<group>"; };
		36BF851129BA349B001E0410 /* ChatNavigatorDefault.swift */ = {isa = PBXFileReference; lastKnownFileType = sourcecode.swift; path = ChatNavigatorDefault.swift; sourceTree = "<group>"; };
		36BF851329BA388D001E0410 /* ChatMessagesRepository.swift */ = {isa = PBXFileReference; fileEncoding = 4; lastKnownFileType = sourcecode.swift; path = ChatMessagesRepository.swift; sourceTree = "<group>"; };
		36BF851529BA6F96001E0410 /* UsersRepository.swift */ = {isa = PBXFileReference; fileEncoding = 4; lastKnownFileType = sourcecode.swift; path = UsersRepository.swift; sourceTree = "<group>"; };
		36BF851729BAB887001E0410 /* Date.swift */ = {isa = PBXFileReference; lastKnownFileType = sourcecode.swift; path = Date.swift; sourceTree = "<group>"; };
		36BF851A29BAC33D001E0410 /* ChatMessage.swift */ = {isa = PBXFileReference; lastKnownFileType = sourcecode.swift; path = ChatMessage.swift; sourceTree = "<group>"; };
		5F5A53791ADE67D500F81DF0 /* FriendlyChatSwift.app */ = {isa = PBXFileReference; explicitFileType = wrapper.application; includeInIndex = 0; path = FriendlyChatSwift.app; sourceTree = BUILT_PRODUCTS_DIR; };
		5F5A537D1ADE67D500F81DF0 /* AppDelegate.swift */ = {isa = PBXFileReference; lastKnownFileType = sourcecode.swift; path = AppDelegate.swift; sourceTree = "<group>"; };
		5F5A537F1ADE67D500F81DF0 /* FCViewController.swift */ = {isa = PBXFileReference; lastKnownFileType = sourcecode.swift; path = FCViewController.swift; sourceTree = "<group>"; };
		9D49608A25732A5F825F77D3 /* Pods-FriendlyChatSwift.release.xcconfig */ = {isa = PBXFileReference; includeInIndex = 1; lastKnownFileType = text.xcconfig; name = "Pods-FriendlyChatSwift.release.xcconfig"; path = "Target Support Files/Pods-FriendlyChatSwift/Pods-FriendlyChatSwift.release.xcconfig"; sourceTree = "<group>"; };
		B61714D97B9B3B7BD752327D /* Pods-FriendlyChatSwift.debug.xcconfig */ = {isa = PBXFileReference; includeInIndex = 1; lastKnownFileType = text.xcconfig; name = "Pods-FriendlyChatSwift.debug.xcconfig"; path = "Target Support Files/Pods-FriendlyChatSwift/Pods-FriendlyChatSwift.debug.xcconfig"; sourceTree = "<group>"; };
/* End PBXFileReference section */

/* Begin PBXFrameworksBuildPhase section */
		5F5A53761ADE67D500F81DF0 /* Frameworks */ = {
			isa = PBXFrameworksBuildPhase;
			buildActionMask = 2147483647;
			files = (
				3624E5FBA1FCE310028CD187 /* Pods_FriendlyChatSwift.framework in Frameworks */,
			);
			runOnlyForDeploymentPostprocessing = 0;
		};
/* End PBXFrameworksBuildPhase section */

/* Begin PBXGroup section */
		10AF4CD51DD23A7E0096D192 /* shared */ = {
			isa = PBXGroup;
			children = (
				36BF84EB29B97579001E0410 /* Helpers */,
				10AF4CD61DD23A7E0096D192 /* assets */,
				10AF4CD81DD23A7E0096D192 /* Bladefile */,
				10AF4CD91DD23A7E0096D192 /* Images.xcassets */,
				10AF4CDA1DD23A7E0096D192 /* LaunchScreen.xib */,
			);
			path = shared;
			sourceTree = "<group>";
		};
		10AF4CD61DD23A7E0096D192 /* assets */ = {
			isa = PBXGroup;
			children = (
				10AF4CD71DD23A7E0096D192 /* logo1024.png */,
			);
			path = assets;
			sourceTree = "<group>";
		};
		36BF84E029B960C1001E0410 /* LoginScreen */ = {
			isa = PBXGroup;
			children = (
				2C8E6C2A1B16875B0073CE3D /* SignInViewController.swift */,
				36BF84E229B96815001E0410 /* SignInView.swift */,
				36BF84E429B969F3001E0410 /* SignInViewModel.swift */,
				36BF84F029B976A7001E0410 /* LoginViewModelType.swift */,
			);
			path = LoginScreen;
			sourceTree = "<group>";
		};
		36BF84E629B970FD001E0410 /* Navigation */ = {
			isa = PBXGroup;
			children = (
				36BF84E729B9712D001E0410 /* LoginNavigatorProtocol.swift */,
				36BF850E29BA3475001E0410 /* ChatNavigatorProtocol.swift */,
				36BF850D29BA3460001E0410 /* Login */,
				36BF851029BA347A001E0410 /* Chat */,
			);
			path = Navigation;
			sourceTree = "<group>";
		};
		36BF84EB29B97579001E0410 /* Helpers */ = {
			isa = PBXGroup;
			children = (
				36BF84EC29B975B0001E0410 /* ViewModelType.swift */,
				36BF84EE29B975D4001E0410 /* RxSwift+ext.swift */,
				36BF851729BAB887001E0410 /* Date.swift */,
			);
			path = Helpers;
			sourceTree = "<group>";
		};
		36BF84F229B9778A001E0410 /* ChatSelectionScreen */ = {
			isa = PBXGroup;
			children = (
				36BF84FB29B97D63001E0410 /* CellGroup */,
				36BF84F329B977A9001E0410 /* ChatSelectionViewController.swift */,
				36BF84F529B977BD001E0410 /* ChatSelectionView.swift */,
				36BF84F729B977CB001E0410 /* ChatSelectionViewModel.swift */,
				36BF84F929B977D9001E0410 /* ChatSelectionViewModelType.swift */,
			);
			path = ChatSelectionScreen;
			sourceTree = "<group>";
		};
		36BF84FB29B97D63001E0410 /* CellGroup */ = {
			isa = PBXGroup;
			children = (
				36BF84FC29B97D79001E0410 /* ChatSelectionViewCell.swift */,
			);
			path = CellGroup;
			sourceTree = "<group>";
		};
		36BF84FE29BA2E20001E0410 /* Networking */ = {
			isa = PBXGroup;
			children = (
				36BF84FF29BA2EC9001E0410 /* ChatRoomsRepository.swift */,
				36BF851529BA6F96001E0410 /* UsersRepository.swift */,
				36BF851329BA388D001E0410 /* ChatMessagesRepository.swift */,
			);
			path = Networking;
			sourceTree = "<group>";
		};
		36BF850129BA32D9001E0410 /* ChatMessagesScreen */ = {
			isa = PBXGroup;
			children = (
				36BF850A29BA3335001E0410 /* CellGroup */,
				36BF850229BA32EF001E0410 /* ChatMessagesViewController.swift */,
				36BF850829BA332A001E0410 /* ChatMessagesViewModelType.swift */,
				36BF850629BA331B001E0410 /* ChatMessagesViewModel.swift */,
				36BF850429BA330A001E0410 /* ChatMessagesView.swift */,
			);
			path = ChatMessagesScreen;
			sourceTree = "<group>";
		};
		36BF850A29BA3335001E0410 /* CellGroup */ = {
			isa = PBXGroup;
			children = (
				36BF850B29BA3351001E0410 /* ChatMessagesViewCell.swift */,
			);
			path = CellGroup;
			sourceTree = "<group>";
		};
		36BF850D29BA3460001E0410 /* Login */ = {
			isa = PBXGroup;
			children = (
				36BF84E929B97141001E0410 /* DefaultLoginNavigator.swift */,
			);
			path = Login;
			sourceTree = "<group>";
		};
		36BF851029BA347A001E0410 /* Chat */ = {
			isa = PBXGroup;
			children = (
				36BF851129BA349B001E0410 /* ChatNavigatorDefault.swift */,
			);
			path = Chat;
			sourceTree = "<group>";
		};
		36BF851929BAC32F001E0410 /* Entities */ = {
			isa = PBXGroup;
			children = (
				36BF851A29BAC33D001E0410 /* ChatMessage.swift */,
			);
			path = Entities;
			sourceTree = "<group>";
		};
		5F5A53431ADE670C00F81DF0 = {
			isa = PBXGroup;
			children = (
				36BF851929BAC32F001E0410 /* Entities */,
				36BF84FE29BA2E20001E0410 /* Networking */,
				36BF84E629B970FD001E0410 /* Navigation */,
				36BF84DE29B94BCC001E0410 /* GoogleService-Info.plist */,
				10AF4CD51DD23A7E0096D192 /* shared */,
				5F5A537A1ADE67D500F81DF0 /* FriendlyChatSwift */,
				5F5A534D1ADE670C00F81DF0 /* Products */,
				AD1F1C80A93A096F652504F5 /* Frameworks */,
				A8DE4EDC2E579E0448D1060C /* Pods */,
			);
			sourceTree = "<group>";
		};
		5F5A534D1ADE670C00F81DF0 /* Products */ = {
			isa = PBXGroup;
			children = (
				5F5A53791ADE67D500F81DF0 /* FriendlyChatSwift.app */,
			);
			name = Products;
			sourceTree = "<group>";
		};
		5F5A537A1ADE67D500F81DF0 /* FriendlyChatSwift */ = {
			isa = PBXGroup;
			children = (
				36BF850129BA32D9001E0410 /* ChatMessagesScreen */,
				36BF84F229B9778A001E0410 /* ChatSelectionScreen */,
				36BF84E029B960C1001E0410 /* LoginScreen */,
				5F5A537D1ADE67D500F81DF0 /* AppDelegate.swift */,
				5F5A537F1ADE67D500F81DF0 /* FCViewController.swift */,
				2CA807BB1B21702E009AD7F2 /* MeasurementHelper.swift */,
				2C595F041B34B73A00355AE7 /* Constants.swift */,
				5F5A537B1ADE67D500F81DF0 /* Supporting Files */,
			);
			path = FriendlyChatSwift;
			sourceTree = "<group>";
		};
		5F5A537B1ADE67D500F81DF0 /* Supporting Files */ = {
			isa = PBXGroup;
			children = (
				107960711C612531003DB6CC /* Main.storyboard */,
				107960741C61253B003DB6CC /* Info.plist */,
			);
			name = "Supporting Files";
			sourceTree = "<group>";
		};
		A8DE4EDC2E579E0448D1060C /* Pods */ = {
			isa = PBXGroup;
			children = (
				B61714D97B9B3B7BD752327D /* Pods-FriendlyChatSwift.debug.xcconfig */,
				9D49608A25732A5F825F77D3 /* Pods-FriendlyChatSwift.release.xcconfig */,
			);
			path = Pods;
			sourceTree = "<group>";
		};
		AD1F1C80A93A096F652504F5 /* Frameworks */ = {
			isa = PBXGroup;
			children = (
				1037935F1BF4256400C88958 /* module.modulemap */,
				2731AC3F4EECC799E086A524 /* Pods_FriendlyChatSwift.framework */,
			);
			name = Frameworks;
			sourceTree = "<group>";
		};
/* End PBXGroup section */

/* Begin PBXNativeTarget section */
		5F5A53781ADE67D500F81DF0 /* FriendlyChatSwift */ = {
			isa = PBXNativeTarget;
			buildConfigurationList = 5F5A53991ADE67D500F81DF0 /* Build configuration list for PBXNativeTarget "FriendlyChatSwift" */;
			buildPhases = (
				44D77AB2AB4F4AA12A575FA9 /* [CP] Check Pods Manifest.lock */,
				5F5A53751ADE67D500F81DF0 /* Sources */,
				5F5A53761ADE67D500F81DF0 /* Frameworks */,
				5F5A53771ADE67D500F81DF0 /* Resources */,
				C7D02787B4EA1411CE18DB48 /* [CP] Embed Pods Frameworks */,
			);
			buildRules = (
			);
			dependencies = (
			);
			name = FriendlyChatSwift;
			productName = FriendlyPingSwift;
			productReference = 5F5A53791ADE67D500F81DF0 /* FriendlyChatSwift.app */;
			productType = "com.apple.product-type.application";
		};
/* End PBXNativeTarget section */

/* Begin PBXProject section */
		5F5A53441ADE670C00F81DF0 /* Project object */ = {
			isa = PBXProject;
			attributes = {
				LastSwiftUpdateCheck = 0710;
				LastUpgradeCheck = 1130;
				ORGANIZATIONNAME = "Google Inc.";
				TargetAttributes = {
					5F5A53781ADE67D500F81DF0 = {
						CreatedOnToolsVersion = 6.3;
						DevelopmentTeam = 7DLN38GH2P;
						LastSwiftMigration = 1110;
						SystemCapabilities = {
							com.apple.BackgroundModes = {
								enabled = 1;
							};
						};
					};
				};
			};
			buildConfigurationList = 5F5A53471ADE670C00F81DF0 /* Build configuration list for PBXProject "FriendlyChatSwift" */;
			compatibilityVersion = "Xcode 3.2";
			developmentRegion = en;
			hasScannedForEncodings = 0;
			knownRegions = (
				en,
				Base,
			);
			mainGroup = 5F5A53431ADE670C00F81DF0;
			productRefGroup = 5F5A534D1ADE670C00F81DF0 /* Products */;
			projectDirPath = "";
			projectRoot = "";
			targets = (
				5F5A53781ADE67D500F81DF0 /* FriendlyChatSwift */,
			);
		};
/* End PBXProject section */

/* Begin PBXResourcesBuildPhase section */
		5F5A53771ADE67D500F81DF0 /* Resources */ = {
			isa = PBXResourcesBuildPhase;
			buildActionMask = 2147483647;
			files = (
				10AF4CDE1DD23A7E0096D192 /* LaunchScreen.xib in Resources */,
				10AF4CDC1DD23A7E0096D192 /* Bladefile in Resources */,
				10AF4CDD1DD23A7E0096D192 /* Images.xcassets in Resources */,
				107960731C612531003DB6CC /* Main.storyboard in Resources */,
				10AF4CDB1DD23A7E0096D192 /* logo1024.png in Resources */,
				36BF84DF29B94BCC001E0410 /* GoogleService-Info.plist in Resources */,
			);
			runOnlyForDeploymentPostprocessing = 0;
		};
/* End PBXResourcesBuildPhase section */

/* Begin PBXShellScriptBuildPhase section */
		44D77AB2AB4F4AA12A575FA9 /* [CP] Check Pods Manifest.lock */ = {
			isa = PBXShellScriptBuildPhase;
			buildActionMask = 2147483647;
			files = (
			);
			inputFileListPaths = (
			);
			inputPaths = (
				"${PODS_PODFILE_DIR_PATH}/Podfile.lock",
				"${PODS_ROOT}/Manifest.lock",
			);
			name = "[CP] Check Pods Manifest.lock";
			outputFileListPaths = (
			);
			outputPaths = (
				"$(DERIVED_FILE_DIR)/Pods-FriendlyChatSwift-checkManifestLockResult.txt",
			);
			runOnlyForDeploymentPostprocessing = 0;
			shellPath = /bin/sh;
			shellScript = "diff \"${PODS_PODFILE_DIR_PATH}/Podfile.lock\" \"${PODS_ROOT}/Manifest.lock\" > /dev/null\nif [ $? != 0 ] ; then\n    # print error to STDERR\n    echo \"error: The sandbox is not in sync with the Podfile.lock. Run 'pod install' or update your CocoaPods installation.\" >&2\n    exit 1\nfi\n# This output is used by Xcode 'outputs' to avoid re-running this script phase.\necho \"SUCCESS\" > \"${SCRIPT_OUTPUT_FILE_0}\"\n";
			showEnvVarsInLog = 0;
		};
		C7D02787B4EA1411CE18DB48 /* [CP] Embed Pods Frameworks */ = {
			isa = PBXShellScriptBuildPhase;
			buildActionMask = 2147483647;
			files = (
			);
			inputPaths = (
				"${PODS_ROOT}/Target Support Files/Pods-FriendlyChatSwift/Pods-FriendlyChatSwift-frameworks.sh",
				"${BUILT_PRODUCTS_DIR}/AppAuth/AppAuth.framework",
				"${BUILT_PRODUCTS_DIR}/BoringSSL-GRPC/openssl_grpc.framework",
				"${BUILT_PRODUCTS_DIR}/FirebaseABTesting/FirebaseABTesting.framework",
				"${BUILT_PRODUCTS_DIR}/FirebaseAppCheckInterop/FirebaseAppCheckInterop.framework",
				"${BUILT_PRODUCTS_DIR}/FirebaseAuth/FirebaseAuth.framework",
				"${BUILT_PRODUCTS_DIR}/FirebaseAuthInterop/FirebaseAuthInterop.framework",
				"${BUILT_PRODUCTS_DIR}/FirebaseCore/FirebaseCore.framework",
				"${BUILT_PRODUCTS_DIR}/FirebaseCoreExtension/FirebaseCoreExtension.framework",
				"${BUILT_PRODUCTS_DIR}/FirebaseCoreInternal/FirebaseCoreInternal.framework",
				"${BUILT_PRODUCTS_DIR}/FirebaseCrashlytics/FirebaseCrashlytics.framework",
				"${BUILT_PRODUCTS_DIR}/FirebaseDatabase/FirebaseDatabase.framework",
				"${BUILT_PRODUCTS_DIR}/FirebaseFirestore/FirebaseFirestore.framework",
				"${BUILT_PRODUCTS_DIR}/FirebaseInstallations/FirebaseInstallations.framework",
				"${BUILT_PRODUCTS_DIR}/FirebaseRemoteConfig/FirebaseRemoteConfig.framework",
				"${BUILT_PRODUCTS_DIR}/FirebaseSessions/FirebaseSessions.framework",
				"${BUILT_PRODUCTS_DIR}/FirebaseStorage/FirebaseStorage.framework",
				"${BUILT_PRODUCTS_DIR}/GTMAppAuth/GTMAppAuth.framework",
				"${BUILT_PRODUCTS_DIR}/GTMSessionFetcher/GTMSessionFetcher.framework",
				"${BUILT_PRODUCTS_DIR}/GoogleDataTransport/GoogleDataTransport.framework",
				"${BUILT_PRODUCTS_DIR}/GoogleSignIn/GoogleSignIn.framework",
				"${BUILT_PRODUCTS_DIR}/GoogleUtilities/GoogleUtilities.framework",
				"${BUILT_PRODUCTS_DIR}/Libuv-gRPC/uv.framework",
				"${BUILT_PRODUCTS_DIR}/PromisesObjC/FBLPromises.framework",
				"${BUILT_PRODUCTS_DIR}/PromisesSwift/Promises.framework",
				"${BUILT_PRODUCTS_DIR}/RxCocoa/RxCocoa.framework",
				"${BUILT_PRODUCTS_DIR}/RxRelay/RxRelay.framework",
				"${BUILT_PRODUCTS_DIR}/RxSwift/RxSwift.framework",
				"${BUILT_PRODUCTS_DIR}/abseil/absl.framework",
				"${BUILT_PRODUCTS_DIR}/gRPC-C++/grpcpp.framework",
				"${BUILT_PRODUCTS_DIR}/gRPC-Core/grpc.framework",
				"${BUILT_PRODUCTS_DIR}/leveldb-library/leveldb.framework",
				"${BUILT_PRODUCTS_DIR}/nanopb/nanopb.framework",
			);
			name = "[CP] Embed Pods Frameworks";
			outputPaths = (
				"${TARGET_BUILD_DIR}/${FRAMEWORKS_FOLDER_PATH}/AppAuth.framework",
				"${TARGET_BUILD_DIR}/${FRAMEWORKS_FOLDER_PATH}/openssl_grpc.framework",
				"${TARGET_BUILD_DIR}/${FRAMEWORKS_FOLDER_PATH}/FirebaseABTesting.framework",
				"${TARGET_BUILD_DIR}/${FRAMEWORKS_FOLDER_PATH}/FirebaseAppCheckInterop.framework",
				"${TARGET_BUILD_DIR}/${FRAMEWORKS_FOLDER_PATH}/FirebaseAuth.framework",
				"${TARGET_BUILD_DIR}/${FRAMEWORKS_FOLDER_PATH}/FirebaseAuthInterop.framework",
				"${TARGET_BUILD_DIR}/${FRAMEWORKS_FOLDER_PATH}/FirebaseCore.framework",
				"${TARGET_BUILD_DIR}/${FRAMEWORKS_FOLDER_PATH}/FirebaseCoreExtension.framework",
				"${TARGET_BUILD_DIR}/${FRAMEWORKS_FOLDER_PATH}/FirebaseCoreInternal.framework",
				"${TARGET_BUILD_DIR}/${FRAMEWORKS_FOLDER_PATH}/FirebaseCrashlytics.framework",
				"${TARGET_BUILD_DIR}/${FRAMEWORKS_FOLDER_PATH}/FirebaseDatabase.framework",
				"${TARGET_BUILD_DIR}/${FRAMEWORKS_FOLDER_PATH}/FirebaseFirestore.framework",
				"${TARGET_BUILD_DIR}/${FRAMEWORKS_FOLDER_PATH}/FirebaseInstallations.framework",
				"${TARGET_BUILD_DIR}/${FRAMEWORKS_FOLDER_PATH}/FirebaseRemoteConfig.framework",
				"${TARGET_BUILD_DIR}/${FRAMEWORKS_FOLDER_PATH}/FirebaseSessions.framework",
				"${TARGET_BUILD_DIR}/${FRAMEWORKS_FOLDER_PATH}/FirebaseStorage.framework",
				"${TARGET_BUILD_DIR}/${FRAMEWORKS_FOLDER_PATH}/GTMAppAuth.framework",
				"${TARGET_BUILD_DIR}/${FRAMEWORKS_FOLDER_PATH}/GTMSessionFetcher.framework",
				"${TARGET_BUILD_DIR}/${FRAMEWORKS_FOLDER_PATH}/GoogleDataTransport.framework",
				"${TARGET_BUILD_DIR}/${FRAMEWORKS_FOLDER_PATH}/GoogleSignIn.framework",
				"${TARGET_BUILD_DIR}/${FRAMEWORKS_FOLDER_PATH}/GoogleUtilities.framework",
				"${TARGET_BUILD_DIR}/${FRAMEWORKS_FOLDER_PATH}/uv.framework",
				"${TARGET_BUILD_DIR}/${FRAMEWORKS_FOLDER_PATH}/FBLPromises.framework",
				"${TARGET_BUILD_DIR}/${FRAMEWORKS_FOLDER_PATH}/Promises.framework",
				"${TARGET_BUILD_DIR}/${FRAMEWORKS_FOLDER_PATH}/RxCocoa.framework",
				"${TARGET_BUILD_DIR}/${FRAMEWORKS_FOLDER_PATH}/RxRelay.framework",
				"${TARGET_BUILD_DIR}/${FRAMEWORKS_FOLDER_PATH}/RxSwift.framework",
				"${TARGET_BUILD_DIR}/${FRAMEWORKS_FOLDER_PATH}/absl.framework",
				"${TARGET_BUILD_DIR}/${FRAMEWORKS_FOLDER_PATH}/grpcpp.framework",
				"${TARGET_BUILD_DIR}/${FRAMEWORKS_FOLDER_PATH}/grpc.framework",
				"${TARGET_BUILD_DIR}/${FRAMEWORKS_FOLDER_PATH}/leveldb.framework",
				"${TARGET_BUILD_DIR}/${FRAMEWORKS_FOLDER_PATH}/nanopb.framework",
			);
			runOnlyForDeploymentPostprocessing = 0;
			shellPath = /bin/sh;
			shellScript = "\"${PODS_ROOT}/Target Support Files/Pods-FriendlyChatSwift/Pods-FriendlyChatSwift-frameworks.sh\"\n";
			showEnvVarsInLog = 0;
		};
/* End PBXShellScriptBuildPhase section */

/* Begin PBXSourcesBuildPhase section */
		5F5A53751ADE67D500F81DF0 /* Sources */ = {
			isa = PBXSourcesBuildPhase;
			buildActionMask = 2147483647;
			files = (
				36BF84E329B96815001E0410 /* SignInView.swift in Sources */,
				36BF850C29BA3351001E0410 /* ChatMessagesViewCell.swift in Sources */,
				36BF850029BA2EC9001E0410 /* ChatRoomsRepository.swift in Sources */,
				36BF84FD29B97D79001E0410 /* ChatSelectionViewCell.swift in Sources */,
				36BF84EA29B97141001E0410 /* DefaultLoginNavigator.swift in Sources */,
				36BF850529BA330A001E0410 /* ChatMessagesView.swift in Sources */,
				36BF84F429B977A9001E0410 /* ChatSelectionViewController.swift in Sources */,
				36BF851429BA388D001E0410 /* ChatMessagesRepository.swift in Sources */,
				36BF84F829B977CB001E0410 /* ChatSelectionViewModel.swift in Sources */,
				36BF84E529B969F3001E0410 /* SignInViewModel.swift in Sources */,
				2C8E6C2B1B16875B0073CE3D /* SignInViewController.swift in Sources */,
				5F5A53801ADE67D500F81DF0 /* FCViewController.swift in Sources */,
				36BF850929BA332A001E0410 /* ChatMessagesViewModelType.swift in Sources */,
				5F5A537E1ADE67D500F81DF0 /* AppDelegate.swift in Sources */,
				36BF84F629B977BD001E0410 /* ChatSelectionView.swift in Sources */,
				36BF84E829B9712D001E0410 /* LoginNavigatorProtocol.swift in Sources */,
				36BF851229BA349B001E0410 /* ChatNavigatorDefault.swift in Sources */,
				36BF850729BA331B001E0410 /* ChatMessagesViewModel.swift in Sources */,
				2CA807BC1B21702E009AD7F2 /* MeasurementHelper.swift in Sources */,
				36BF851629BA6F96001E0410 /* UsersRepository.swift in Sources */,
				36BF851B29BAC33D001E0410 /* ChatMessage.swift in Sources */,
				36BF84EF29B975D4001E0410 /* RxSwift+ext.swift in Sources */,
				36BF84ED29B975B0001E0410 /* ViewModelType.swift in Sources */,
				36BF850F29BA3475001E0410 /* ChatNavigatorProtocol.swift in Sources */,
				36BF851829BAB887001E0410 /* Date.swift in Sources */,
				36BF850329BA32EF001E0410 /* ChatMessagesViewController.swift in Sources */,
				36BF84F129B976A7001E0410 /* LoginViewModelType.swift in Sources */,
				36BF84FA29B977D9001E0410 /* ChatSelectionViewModelType.swift in Sources */,
				2C595F061B34B73A00355AE7 /* Constants.swift in Sources */,
			);
			runOnlyForDeploymentPostprocessing = 0;
		};
/* End PBXSourcesBuildPhase section */

/* Begin PBXVariantGroup section */
		107960711C612531003DB6CC /* Main.storyboard */ = {
			isa = PBXVariantGroup;
			children = (
				107960721C612531003DB6CC /* Base */,
			);
			name = Main.storyboard;
			sourceTree = "<group>";
		};
/* End PBXVariantGroup section */

/* Begin XCBuildConfiguration section */
		5F5A536D1ADE670C00F81DF0 /* Debug */ = {
			isa = XCBuildConfiguration;
			buildSettings = {
				ALWAYS_SEARCH_USER_PATHS = NO;
				CLANG_CXX_LANGUAGE_STANDARD = "gnu++0x";
				CLANG_CXX_LIBRARY = "libc++";
				CLANG_ENABLE_MODULES = YES;
				CLANG_ENABLE_OBJC_ARC = YES;
				CLANG_WARN_BLOCK_CAPTURE_AUTORELEASING = YES;
				CLANG_WARN_BOOL_CONVERSION = YES;
				CLANG_WARN_COMMA = YES;
				CLANG_WARN_CONSTANT_CONVERSION = YES;
				CLANG_WARN_DEPRECATED_OBJC_IMPLEMENTATIONS = YES;
				CLANG_WARN_DIRECT_OBJC_ISA_USAGE = YES_ERROR;
				CLANG_WARN_EMPTY_BODY = YES;
				CLANG_WARN_ENUM_CONVERSION = YES;
				CLANG_WARN_INFINITE_RECURSION = YES;
				CLANG_WARN_INT_CONVERSION = YES;
				CLANG_WARN_NON_LITERAL_NULL_CONVERSION = YES;
				CLANG_WARN_OBJC_IMPLICIT_RETAIN_SELF = YES;
				CLANG_WARN_OBJC_LITERAL_CONVERSION = YES;
				CLANG_WARN_OBJC_ROOT_CLASS = YES_ERROR;
				CLANG_WARN_RANGE_LOOP_ANALYSIS = YES;
				CLANG_WARN_STRICT_PROTOTYPES = YES;
				CLANG_WARN_SUSPICIOUS_MOVE = YES;
				CLANG_WARN_UNREACHABLE_CODE = YES;
				CLANG_WARN__DUPLICATE_METHOD_MATCH = YES;
				CODE_SIGN_IDENTITY = "iPhone Developer: Google Development (3F4Y5873JF)";
				"CODE_SIGN_IDENTITY[sdk=iphoneos*]" = "iPhone Developer: Google Development (3F4Y5873JF)";
				COPY_PHASE_STRIP = NO;
				ENABLE_STRICT_OBJC_MSGSEND = YES;
				ENABLE_TESTABILITY = YES;
				GCC_C_LANGUAGE_STANDARD = gnu99;
				GCC_DYNAMIC_NO_PIC = NO;
				GCC_NO_COMMON_BLOCKS = YES;
				GCC_OPTIMIZATION_LEVEL = 0;
				GCC_PREPROCESSOR_DEFINITIONS = (
					"DEBUG=1",
					"$(inherited)",
				);
				GCC_SYMBOLS_PRIVATE_EXTERN = NO;
				GCC_WARN_64_TO_32_BIT_CONVERSION = YES;
				GCC_WARN_ABOUT_RETURN_TYPE = YES_ERROR;
				GCC_WARN_UNDECLARED_SELECTOR = YES;
				GCC_WARN_UNINITIALIZED_AUTOS = YES_AGGRESSIVE;
				GCC_WARN_UNUSED_FUNCTION = YES;
				GCC_WARN_UNUSED_VARIABLE = YES;
				IPHONEOS_DEPLOYMENT_TARGET = 8.0;
				MTL_ENABLE_DEBUG_INFO = YES;
				ONLY_ACTIVE_ARCH = YES;
				PROVISIONING_PROFILE = "65c2088b-2425-4961-b6d5-0256d4790678";
				SDKROOT = iphoneos;
				SWIFT_OPTIMIZATION_LEVEL = "-Onone";
				TARGETED_DEVICE_FAMILY = "1,2";
			};
			name = Debug;
		};
		5F5A536E1ADE670C00F81DF0 /* Release */ = {
			isa = XCBuildConfiguration;
			buildSettings = {
				ALWAYS_SEARCH_USER_PATHS = NO;
				CLANG_CXX_LANGUAGE_STANDARD = "gnu++0x";
				CLANG_CXX_LIBRARY = "libc++";
				CLANG_ENABLE_MODULES = YES;
				CLANG_ENABLE_OBJC_ARC = YES;
				CLANG_WARN_BLOCK_CAPTURE_AUTORELEASING = YES;
				CLANG_WARN_BOOL_CONVERSION = YES;
				CLANG_WARN_COMMA = YES;
				CLANG_WARN_CONSTANT_CONVERSION = YES;
				CLANG_WARN_DEPRECATED_OBJC_IMPLEMENTATIONS = YES;
				CLANG_WARN_DIRECT_OBJC_ISA_USAGE = YES_ERROR;
				CLANG_WARN_EMPTY_BODY = YES;
				CLANG_WARN_ENUM_CONVERSION = YES;
				CLANG_WARN_INFINITE_RECURSION = YES;
				CLANG_WARN_INT_CONVERSION = YES;
				CLANG_WARN_NON_LITERAL_NULL_CONVERSION = YES;
				CLANG_WARN_OBJC_IMPLICIT_RETAIN_SELF = YES;
				CLANG_WARN_OBJC_LITERAL_CONVERSION = YES;
				CLANG_WARN_OBJC_ROOT_CLASS = YES_ERROR;
				CLANG_WARN_RANGE_LOOP_ANALYSIS = YES;
				CLANG_WARN_STRICT_PROTOTYPES = YES;
				CLANG_WARN_SUSPICIOUS_MOVE = YES;
				CLANG_WARN_UNREACHABLE_CODE = YES;
				CLANG_WARN__DUPLICATE_METHOD_MATCH = YES;
				CODE_SIGN_IDENTITY = "iPhone Developer: Google Development (3F4Y5873JF)";
				"CODE_SIGN_IDENTITY[sdk=iphoneos*]" = "iPhone Developer: Google Development (3F4Y5873JF)";
				COPY_PHASE_STRIP = YES;
				ENABLE_NS_ASSERTIONS = NO;
				ENABLE_STRICT_OBJC_MSGSEND = YES;
				GCC_C_LANGUAGE_STANDARD = gnu99;
				GCC_NO_COMMON_BLOCKS = YES;
				GCC_WARN_64_TO_32_BIT_CONVERSION = YES;
				GCC_WARN_ABOUT_RETURN_TYPE = YES_ERROR;
				GCC_WARN_UNDECLARED_SELECTOR = YES;
				GCC_WARN_UNINITIALIZED_AUTOS = YES_AGGRESSIVE;
				GCC_WARN_UNUSED_FUNCTION = YES;
				GCC_WARN_UNUSED_VARIABLE = YES;
				IPHONEOS_DEPLOYMENT_TARGET = 8.0;
				MTL_ENABLE_DEBUG_INFO = NO;
				PROVISIONING_PROFILE = "65c2088b-2425-4961-b6d5-0256d4790678";
				SDKROOT = iphoneos;
				SWIFT_OPTIMIZATION_LEVEL = "-Owholemodule";
				TARGETED_DEVICE_FAMILY = "1,2";
				VALIDATE_PRODUCT = YES;
			};
			name = Release;
		};
		5F5A53951ADE67D500F81DF0 /* Debug */ = {
			isa = XCBuildConfiguration;
			baseConfigurationReference = B61714D97B9B3B7BD752327D /* Pods-FriendlyChatSwift.debug.xcconfig */;
			buildSettings = {
				ASSETCATALOG_COMPILER_APPICON_NAME = AppIcon;
				ASSETCATALOG_COMPILER_LAUNCHIMAGE_NAME = LaunchImage;
				CODE_SIGN_IDENTITY = "iPhone Developer";
				"CODE_SIGN_IDENTITY[sdk=iphoneos*]" = "iPhone Developer";
				DEVELOPMENT_TEAM = "";
				ENABLE_BITCODE = NO;
				INFOPLIST_FILE = "$(SRCROOT)/FriendlyChatSwift/Info.plist";
				IPHONEOS_DEPLOYMENT_TARGET = 13.0;
				LD_RUNPATH_SEARCH_PATHS = "$(inherited) @executable_path/Frameworks";
				PRODUCT_BUNDLE_IDENTIFIER = com.google.firebase.codelab.FriendlyChatSwift;
				PRODUCT_NAME = FriendlyChatSwift;
				PROVISIONING_PROFILE = "";
				SUPPORTED_PLATFORMS = "iphoneos iphonesimulator";
				SUPPORTS_MACCATALYST = NO;
				SUPPORTS_MAC_DESIGNED_FOR_IPHONE_IPAD = NO;
				SWIFT_OBJC_BRIDGING_HEADER = "";
				SWIFT_SWIFT3_OBJC_INFERENCE = Default;
				SWIFT_VERSION = 5.0;
				TARGETED_DEVICE_FAMILY = "1,2";
			};
			name = Debug;
		};
		5F5A53961ADE67D500F81DF0 /* Release */ = {
			isa = XCBuildConfiguration;
			baseConfigurationReference = 9D49608A25732A5F825F77D3 /* Pods-FriendlyChatSwift.release.xcconfig */;
			buildSettings = {
				ASSETCATALOG_COMPILER_APPICON_NAME = AppIcon;
				ASSETCATALOG_COMPILER_LAUNCHIMAGE_NAME = LaunchImage;
				CODE_SIGN_IDENTITY = "iPhone Developer";
				"CODE_SIGN_IDENTITY[sdk=iphoneos*]" = "iPhone Developer";
				DEVELOPMENT_TEAM = "";
				ENABLE_BITCODE = NO;
				INFOPLIST_FILE = "$(SRCROOT)/FriendlyChatSwift/Info.plist";
				IPHONEOS_DEPLOYMENT_TARGET = 13.0;
				LD_RUNPATH_SEARCH_PATHS = "$(inherited) @executable_path/Frameworks";
				PRODUCT_BUNDLE_IDENTIFIER = com.google.firebase.codelab.FriendlyChatSwift;
				PRODUCT_NAME = FriendlyChatSwift;
				PROVISIONING_PROFILE = "";
				SUPPORTED_PLATFORMS = "iphoneos iphonesimulator";
				SUPPORTS_MACCATALYST = NO;
				SUPPORTS_MAC_DESIGNED_FOR_IPHONE_IPAD = NO;
				SWIFT_OBJC_BRIDGING_HEADER = "";
				SWIFT_SWIFT3_OBJC_INFERENCE = Default;
				SWIFT_VERSION = 5.0;
				TARGETED_DEVICE_FAMILY = "1,2";
			};
			name = Release;
		};
/* End XCBuildConfiguration section */

/* Begin XCConfigurationList section */
		5F5A53471ADE670C00F81DF0 /* Build configuration list for PBXProject "FriendlyChatSwift" */ = {
			isa = XCConfigurationList;
			buildConfigurations = (
				5F5A536D1ADE670C00F81DF0 /* Debug */,
				5F5A536E1ADE670C00F81DF0 /* Release */,
			);
			defaultConfigurationIsVisible = 0;
			defaultConfigurationName = Release;
		};
		5F5A53991ADE67D500F81DF0 /* Build configuration list for PBXNativeTarget "FriendlyChatSwift" */ = {
			isa = XCConfigurationList;
			buildConfigurations = (
				5F5A53951ADE67D500F81DF0 /* Debug */,
				5F5A53961ADE67D500F81DF0 /* Release */,
			);
			defaultConfigurationIsVisible = 0;
			defaultConfigurationName = Release;
		};
/* End XCConfigurationList section */
	};
	rootObject = 5F5A53441ADE670C00F81DF0 /* Project object */;
}
